<?xml version="1.0" encoding="utf-8"?>
<Project ToolsVersion="4.0" xmlns="http://schemas.microsoft.com/developer/msbuild/2003">
  <ItemGroup>
    <Filter Include="소스 파일">
      <UniqueIdentifier>{4FC737F1-C7A5-4376-A066-2A32D752A2FF}</UniqueIdentifier>
      <Extensions>cpp;c;cc;cxx;def;odl;idl;hpj;bat;asm;asmx</Extensions>
    </Filter>
    <Filter Include="헤더 파일">
      <UniqueIdentifier>{93995380-89BD-4b04-88EB-625FBE52EBFB}</UniqueIdentifier>
      <Extensions>h;hh;hpp;hxx;hm;inl;inc;ipp;xsd</Extensions>
    </Filter>
    <Filter Include="GameFramework2D">
      <UniqueIdentifier>{9fbd4086-f21e-4a3b-b3d1-8ac4c5f5fa1b}</UniqueIdentifier>
    </Filter>
    <Filter Include="MainGame">
      <UniqueIdentifier>{0197a609-4f17-4b09-bb41-10cc33d95d87}</UniqueIdentifier>
    </Filter>
    <Filter Include="GameFramework2D\WinMain">
      <UniqueIdentifier>{4a79707c-1728-49f2-ba7d-dc17dad14387}</UniqueIdentifier>
    </Filter>
    <Filter Include="MainGame\Player">
      <UniqueIdentifier>{8dedb022-032e-4e6d-955f-9603c8277adf}</UniqueIdentifier>
    </Filter>
    <Filter Include="GameFramework2D\Image">
      <UniqueIdentifier>{1851a966-ba68-4f2f-8ebc-640729b7e225}</UniqueIdentifier>
    </Filter>
    <Filter Include="GameFramework2D\Utill">
      <UniqueIdentifier>{0e047507-cff2-4a5e-8198-0c562e8e0211}</UniqueIdentifier>
    </Filter>
    <Filter Include="GameFramework2D\Manager">
      <UniqueIdentifier>{5ce72af8-e27e-4d87-81a9-202553e2a4fc}</UniqueIdentifier>
    </Filter>
    <Filter Include="GameFramework2D\txtData">
      <UniqueIdentifier>{928363b8-7011-4bd9-bead-5670c1ac153e}</UniqueIdentifier>
    </Filter>
    <Filter Include="GameFramework2D\progressBar">
      <UniqueIdentifier>{ab1d3308-7230-4abe-9be7-307bf1419859}</UniqueIdentifier>
    </Filter>
    <Filter Include="GameFramework2D\gameObject">
      <UniqueIdentifier>{78a2ad11-f534-4250-bb28-7e40dc02ccdc}</UniqueIdentifier>
    </Filter>
    <Filter Include="MainGame\Object">
      <UniqueIdentifier>{bf34070f-eba3-4bfe-bd29-a5f54ae550fa}</UniqueIdentifier>
    </Filter>
    <Filter Include="MainGame\Item">
      <UniqueIdentifier>{252e6af5-1940-470a-a05b-e92696f3a8b3}</UniqueIdentifier>
    </Filter>
    <Filter Include="MainGame\Enemy">
      <UniqueIdentifier>{707b6e9e-f0fe-485c-a3c4-71eaeb8765e1}</UniqueIdentifier>
    </Filter>
    <Filter Include="GameFramework2D\InIData">
      <UniqueIdentifier>{a21b459c-20ee-48ef-9706-4b7695730dd7}</UniqueIdentifier>
    </Filter>
    <Filter Include="GameFramework2D\Loading">
      <UniqueIdentifier>{730b1bf7-bcc6-48f2-a0a7-925175179094}</UniqueIdentifier>
    </Filter>
    <Filter Include="GameFramework2D\SaveData">
      <UniqueIdentifier>{23ad871f-0900-41f2-9c2d-d8f0b10a1539}</UniqueIdentifier>
    </Filter>
    <Filter Include="MainGame\Scene">
      <UniqueIdentifier>{48c9a5f2-baa5-458a-998a-76388fbaa8d4}</UniqueIdentifier>
    </Filter>
    <Filter Include="MainGame\Iventory">
      <UniqueIdentifier>{ef446a79-a080-47f5-9fea-9d41b257d12f}</UniqueIdentifier>
    </Filter>
  </ItemGroup>
  <ItemGroup>
    <ClInclude Include="commonMacroFunction.h">
      <Filter>GameFramework2D\Utill</Filter>
    </ClInclude>
    <ClInclude Include="mainGame.h">
      <Filter>MainGame</Filter>
    </ClInclude>
    <ClInclude Include="singletonBase.h">
      <Filter>GameFramework2D\Manager</Filter>
    </ClInclude>
    <ClInclude Include="keyManager.h">
      <Filter>GameFramework2D\Manager</Filter>
    </ClInclude>
    <ClInclude Include="gameNode.h">
      <Filter>GameFramework2D\WinMain</Filter>
    </ClInclude>
    <ClInclude Include="stdafx.h">
      <Filter>GameFramework2D\WinMain</Filter>
    </ClInclude>
    <ClInclude Include="randomFunction.h">
      <Filter>GameFramework2D\Utill</Filter>
    </ClInclude>
    <ClInclude Include="imageManager.h">
      <Filter>GameFramework2D\Manager</Filter>
    </ClInclude>
    <ClInclude Include="util.h">
      <Filter>GameFramework2D\Utill</Filter>
    </ClInclude>
    <ClInclude Include="player.h">
      <Filter>MainGame\Player</Filter>
    </ClInclude>
    <ClInclude Include="txtData.h">
      <Filter>GameFramework2D\txtData</Filter>
    </ClInclude>
    <ClInclude Include="progressBar.h">
      <Filter>GameFramework2D\progressBar</Filter>
    </ClInclude>
    <ClInclude Include="cameraManager.h">
      <Filter>GameFramework2D\Manager</Filter>
    </ClInclude>
    <ClInclude Include="gameObject.h">
      <Filter>GameFramework2D\gameObject</Filter>
    </ClInclude>
    <ClInclude Include="objectManager.h">
      <Filter>GameFramework2D\gameObject</Filter>
    </ClInclude>
    <ClInclude Include="objectContainer.h">
      <Filter>MainGame\Object</Filter>
    </ClInclude>
    <ClInclude Include="enemyController.h">
      <Filter>MainGame\Enemy</Filter>
    </ClInclude>
    <ClInclude Include="iniData.h">
      <Filter>GameFramework2D\InIData</Filter>
    </ClInclude>
    <ClInclude Include="loading.h">
      <Filter>GameFramework2D\Loading</Filter>
    </ClInclude>
    <ClInclude Include="saveData.h">
      <Filter>GameFramework2D\SaveData</Filter>
    </ClInclude>
    <ClInclude Include="sceneManager.h">
      <Filter>GameFramework2D\Manager</Filter>
    </ClInclude>
    <ClInclude Include="townScene.h">
      <Filter>MainGame\Scene</Filter>
    </ClInclude>
    <ClInclude Include="shopScene.h">
      <Filter>MainGame\Scene</Filter>
    </ClInclude>
    <ClInclude Include="dungeonScene.h">
      <Filter>MainGame\Scene</Filter>
    </ClInclude>
    <ClInclude Include="image.h">
      <Filter>GameFramework2D\Image</Filter>
    </ClInclude>
    <ClInclude Include="golem.h">
      <Filter>MainGame\Enemy</Filter>
    </ClInclude>
    <ClInclude Include="itemManager.h">
      <Filter>GameFramework2D\Manager</Filter>
    </ClInclude>
    <ClInclude Include="item.h">
      <Filter>MainGame\Item</Filter>
    </ClInclude>
    <ClInclude Include="inventory.h">
      <Filter>MainGame\Iventory</Filter>
    </ClInclude>
    <ClInclude Include="potion.h">
      <Filter>MainGame\Item</Filter>
    </ClInclude>
  </ItemGroup>
  <ItemGroup>
    <ClCompile Include="stdafx.cpp">
      <Filter>GameFramework2D\WinMain</Filter>
    </ClCompile>
    <ClCompile Include="winMain.cpp">
      <Filter>GameFramework2D\WinMain</Filter>
    </ClCompile>
    <ClCompile Include="mainGame.cpp">
      <Filter>MainGame</Filter>
    </ClCompile>
    <ClCompile Include="keyManager.cpp">
      <Filter>GameFramework2D\Manager</Filter>
    </ClCompile>
    <ClCompile Include="gameNode.cpp">
      <Filter>GameFramework2D\WinMain</Filter>
    </ClCompile>
    <ClCompile Include="imageManager.cpp">
      <Filter>GameFramework2D\Manager</Filter>
    </ClCompile>
    <ClCompile Include="util.cpp">
      <Filter>GameFramework2D\Utill</Filter>
    </ClCompile>
    <ClCompile Include="player.cpp">
      <Filter>MainGame\Player</Filter>
    </ClCompile>
    <ClCompile Include="txtData.cpp">
      <Filter>GameFramework2D\txtData</Filter>
    </ClCompile>
    <ClCompile Include="progressBar.cpp">
      <Filter>GameFramework2D\progressBar</Filter>
    </ClCompile>
    <ClCompile Include="cameraManager.cpp">
      <Filter>GameFramework2D\Manager</Filter>
    </ClCompile>
    <ClCompile Include="gameObject.cpp">
      <Filter>GameFramework2D\gameObject</Filter>
    </ClCompile>
    <ClCompile Include="objectManager.cpp">
      <Filter>GameFramework2D\gameObject</Filter>
    </ClCompile>
    <ClCompile Include="objectContainer.cpp">
      <Filter>MainGame\Object</Filter>
    </ClCompile>
    <ClCompile Include="enemyController.cpp">
      <Filter>MainGame\Enemy</Filter>
    </ClCompile>
    <ClCompile Include="iniData.cpp">
      <Filter>GameFramework2D\InIData</Filter>
    </ClCompile>
    <ClCompile Include="loading.cpp">
      <Filter>GameFramework2D\Loading</Filter>
    </ClCompile>
    <ClCompile Include="saveData.cpp">
      <Filter>GameFramework2D\SaveData</Filter>
    </ClCompile>
    <ClCompile Include="sceneManager.cpp">
      <Filter>GameFramework2D\Manager</Filter>
    </ClCompile>
    <ClCompile Include="townScene.cpp">
      <Filter>MainGame\Scene</Filter>
    </ClCompile>
    <ClCompile Include="shopScene.cpp">
      <Filter>MainGame\Scene</Filter>
    </ClCompile>
    <ClCompile Include="dungeonScene.cpp">
      <Filter>MainGame\Scene</Filter>
    </ClCompile>
    <ClCompile Include="image.cpp">
      <Filter>GameFramework2D\Image</Filter>
    </ClCompile>
    <ClCompile Include="golem.cpp">
      <Filter>MainGame\Enemy</Filter>
    </ClCompile>
    <ClCompile Include="itemManager.cpp">
      <Filter>GameFramework2D\Manager</Filter>
    </ClCompile>
    <ClCompile Include="item.cpp">
      <Filter>MainGame\Item</Filter>
    </ClCompile>
    <ClCompile Include="potion.cpp">
      <Filter>MainGame\Item</Filter>
    </ClCompile>
    <ClCompile Include="inventory.cpp">
      <Filter>MainGame\Iventory</Filter>
    </ClCompile>
  </ItemGroup>
</Project>